
Microsoft Visual Studio Solution File, Format Version 12.00
# Visual Studio Version 16
VisualStudioVersion = 16.0.810.23
MinimumVisualStudioVersion = 10.0.40219.1
Project("{FAE04EC0-301F-11D3-BF4B-00C04F79EFBC}") = "Divisible_By_3", "Divisible_By_3.csproj", "{9679EF5B-7FA2-499D-8270-2C511B9A1041}"
EndProject
Global
	GlobalSection(SolutionConfigurationPlatforms) = preSolution
		Debug|Any CPU = Debug|Any CPU
		Release|Any CPU = Release|Any CPU
	EndGlobalSection
	GlobalSection(ProjectConfigurationPlatforms) = postSolution
		{9679EF5B-7FA2-499D-8270-2C511B9A1041}.Debug|Any CPU.ActiveCfg = Debug|Any CPU
		{9679EF5B-7FA2-499D-8270-2C511B9A1041}.Debug|Any CPU.Build.0 = Debug|Any CPU
		{9679EF5B-7FA2-499D-8270-2C511B9A1041}.Release|Any CPU.ActiveCfg = Release|Any CPU
		{9679EF5B-7FA2-499D-8270-2C511B9A1041}.Release|Any CPU.Build.0 = Release|Any CPU
	EndGlobalSection
	GlobalSection(SolutionProperties) = preSolution
		HideSolutionNode = FALSE
	EndGlobalSection
	GlobalSection(ExtensibilityGlobals) = postSolution
		SolutionGuid = {790DC4B3-A0B7-443A-B993-CD9275E01948}
	EndGlobalSection
EndGlobal
