
Microsoft Visual Studio Solution File, Format Version 12.00
# Visual Studio Version 16
VisualStudioVersion = 16.0.810.23
MinimumVisualStudioVersion = 10.0.40219.1
Project("{FAE04EC0-301F-11D3-BF4B-00C04F79EFBC}") = "Back_In_30_Minutes", "Back_In_30_Minutes.csproj", "{F9E4429A-6F0A-479C-B900-2948C29E86D5}"
EndProject
Global
	GlobalSection(SolutionConfigurationPlatforms) = preSolution
		Debug|Any CPU = Debug|Any CPU
		Release|Any CPU = Release|Any CPU
	EndGlobalSection
	GlobalSection(ProjectConfigurationPlatforms) = postSolution
		{F9E4429A-6F0A-479C-B900-2948C29E86D5}.Debug|Any CPU.ActiveCfg = Debug|Any CPU
		{F9E4429A-6F0A-479C-B900-2948C29E86D5}.Debug|Any CPU.Build.0 = Debug|Any CPU
		{F9E4429A-6F0A-479C-B900-2948C29E86D5}.Release|Any CPU.ActiveCfg = Release|Any CPU
		{F9E4429A-6F0A-479C-B900-2948C29E86D5}.Release|Any CPU.Build.0 = Release|Any CPU
	EndGlobalSection
	GlobalSection(SolutionProperties) = preSolution
		HideSolutionNode = FALSE
	EndGlobalSection
	GlobalSection(ExtensibilityGlobals) = postSolution
		SolutionGuid = {AA1BCE75-D13E-44B5-9C61-50A9E260EC5A}
	EndGlobalSection
EndGlobal
