
Microsoft Visual Studio Solution File, Format Version 12.00
# Visual Studio Version 16
VisualStudioVersion = 16.0.810.23
MinimumVisualStudioVersion = 10.0.40219.1
Project("{FAE04EC0-301F-11D3-BF4B-00C04F79EFBC}") = "Rage_Expenses", "Rage_Expenses.csproj", "{6E30103A-A6B1-417F-98C4-F3AA48710974}"
EndProject
Global
	GlobalSection(SolutionConfigurationPlatforms) = preSolution
		Debug|Any CPU = Debug|Any CPU
		Release|Any CPU = Release|Any CPU
	EndGlobalSection
	GlobalSection(ProjectConfigurationPlatforms) = postSolution
		{6E30103A-A6B1-417F-98C4-F3AA48710974}.Debug|Any CPU.ActiveCfg = Debug|Any CPU
		{6E30103A-A6B1-417F-98C4-F3AA48710974}.Debug|Any CPU.Build.0 = Debug|Any CPU
		{6E30103A-A6B1-417F-98C4-F3AA48710974}.Release|Any CPU.ActiveCfg = Release|Any CPU
		{6E30103A-A6B1-417F-98C4-F3AA48710974}.Release|Any CPU.Build.0 = Release|Any CPU
	EndGlobalSection
	GlobalSection(SolutionProperties) = preSolution
		HideSolutionNode = FALSE
	EndGlobalSection
	GlobalSection(ExtensibilityGlobals) = postSolution
		SolutionGuid = {35E378F2-B7E2-406B-B825-6A5D3DDC2728}
	EndGlobalSection
EndGlobal
