
Microsoft Visual Studio Solution File, Format Version 12.00
# Visual Studio Version 16
VisualStudioVersion = 16.0.810.23
MinimumVisualStudioVersion = 10.0.40219.1
Project("{FAE04EC0-301F-11D3-BF4B-00C04F79EFBC}") = "Padawan_Equipment", "Padawan_Equipment.csproj", "{F4FD270E-9FB2-412D-B7DA-EDCA49C10F99}"
EndProject
Global
	GlobalSection(SolutionConfigurationPlatforms) = preSolution
		Debug|Any CPU = Debug|Any CPU
		Release|Any CPU = Release|Any CPU
	EndGlobalSection
	GlobalSection(ProjectConfigurationPlatforms) = postSolution
		{F4FD270E-9FB2-412D-B7DA-EDCA49C10F99}.Debug|Any CPU.ActiveCfg = Debug|Any CPU
		{F4FD270E-9FB2-412D-B7DA-EDCA49C10F99}.Debug|Any CPU.Build.0 = Debug|Any CPU
		{F4FD270E-9FB2-412D-B7DA-EDCA49C10F99}.Release|Any CPU.ActiveCfg = Release|Any CPU
		{F4FD270E-9FB2-412D-B7DA-EDCA49C10F99}.Release|Any CPU.Build.0 = Release|Any CPU
	EndGlobalSection
	GlobalSection(SolutionProperties) = preSolution
		HideSolutionNode = FALSE
	EndGlobalSection
	GlobalSection(ExtensibilityGlobals) = postSolution
		SolutionGuid = {C94D90FB-EF24-4457-B26E-6E411859B8C4}
	EndGlobalSection
EndGlobal
