
Microsoft Visual Studio Solution File, Format Version 12.00
# Visual Studio Version 16
VisualStudioVersion = 16.0.810.23
MinimumVisualStudioVersion = 10.0.40219.1
Project("{FAE04EC0-301F-11D3-BF4B-00C04F79EFBC}") = "Characters_In_Range", "Characters_In_Range.csproj", "{9E7BDC77-8F97-44F1-A632-1FF157746275}"
EndProject
Global
	GlobalSection(SolutionConfigurationPlatforms) = preSolution
		Debug|Any CPU = Debug|Any CPU
		Release|Any CPU = Release|Any CPU
	EndGlobalSection
	GlobalSection(ProjectConfigurationPlatforms) = postSolution
		{9E7BDC77-8F97-44F1-A632-1FF157746275}.Debug|Any CPU.ActiveCfg = Debug|Any CPU
		{9E7BDC77-8F97-44F1-A632-1FF157746275}.Debug|Any CPU.Build.0 = Debug|Any CPU
		{9E7BDC77-8F97-44F1-A632-1FF157746275}.Release|Any CPU.ActiveCfg = Release|Any CPU
		{9E7BDC77-8F97-44F1-A632-1FF157746275}.Release|Any CPU.Build.0 = Release|Any CPU
	EndGlobalSection
	GlobalSection(SolutionProperties) = preSolution
		HideSolutionNode = FALSE
	EndGlobalSection
	GlobalSection(ExtensibilityGlobals) = postSolution
		SolutionGuid = {7141B780-892C-431B-A978-083173977F21}
	EndGlobalSection
EndGlobal
