
Microsoft Visual Studio Solution File, Format Version 12.00
# Visual Studio Version 16
VisualStudioVersion = 16.0.810.23
MinimumVisualStudioVersion = 10.0.40219.1
Project("{FAE04EC0-301F-11D3-BF4B-00C04F79EFBC}") = "Orders", "Orders.csproj", "{BEBE34FF-551D-4BC3-B80F-322FC4D281BC}"
EndProject
Global
	GlobalSection(SolutionConfigurationPlatforms) = preSolution
		Debug|Any CPU = Debug|Any CPU
		Release|Any CPU = Release|Any CPU
	EndGlobalSection
	GlobalSection(ProjectConfigurationPlatforms) = postSolution
		{BEBE34FF-551D-4BC3-B80F-322FC4D281BC}.Debug|Any CPU.ActiveCfg = Debug|Any CPU
		{BEBE34FF-551D-4BC3-B80F-322FC4D281BC}.Debug|Any CPU.Build.0 = Debug|Any CPU
		{BEBE34FF-551D-4BC3-B80F-322FC4D281BC}.Release|Any CPU.ActiveCfg = Release|Any CPU
		{BEBE34FF-551D-4BC3-B80F-322FC4D281BC}.Release|Any CPU.Build.0 = Release|Any CPU
	EndGlobalSection
	GlobalSection(SolutionProperties) = preSolution
		HideSolutionNode = FALSE
	EndGlobalSection
	GlobalSection(ExtensibilityGlobals) = postSolution
		SolutionGuid = {FB3ED162-967C-42D3-9C08-05C876ADE891}
	EndGlobalSection
EndGlobal
