
Microsoft Visual Studio Solution File, Format Version 12.00
# Visual Studio Version 16
VisualStudioVersion = 16.0.810.23
MinimumVisualStudioVersion = 10.0.40219.1
Project("{FAE04EC0-301F-11D3-BF4B-00C04F79EFBC}") = "Strong_Number", "Strong_Number.csproj", "{97384FBA-42C9-49BF-B3BE-9C08586C3DF1}"
EndProject
Global
	GlobalSection(SolutionConfigurationPlatforms) = preSolution
		Debug|Any CPU = Debug|Any CPU
		Release|Any CPU = Release|Any CPU
	EndGlobalSection
	GlobalSection(ProjectConfigurationPlatforms) = postSolution
		{97384FBA-42C9-49BF-B3BE-9C08586C3DF1}.Debug|Any CPU.ActiveCfg = Debug|Any CPU
		{97384FBA-42C9-49BF-B3BE-9C08586C3DF1}.Debug|Any CPU.Build.0 = Debug|Any CPU
		{97384FBA-42C9-49BF-B3BE-9C08586C3DF1}.Release|Any CPU.ActiveCfg = Release|Any CPU
		{97384FBA-42C9-49BF-B3BE-9C08586C3DF1}.Release|Any CPU.Build.0 = Release|Any CPU
	EndGlobalSection
	GlobalSection(SolutionProperties) = preSolution
		HideSolutionNode = FALSE
	EndGlobalSection
	GlobalSection(ExtensibilityGlobals) = postSolution
		SolutionGuid = {17C1C4EA-D4E8-497A-956B-2E22FCAB53E4}
	EndGlobalSection
EndGlobal
